{
  "requires": true,
  "lockfileVersion": 1,
  "dependencies": {
    "types-registry": {
      "version": "0.1.453",
      "resolved": "https://registry.npmjs.org/types-registry/-/types-registry-0.1.453.tgz",
      "integrity": "sha512-2p/6nW+NhSRJFX0T3aXG1RaaQC/srIZifTm7lOuqUQeGMc4VsPbmz/WBwNECfJhEhbR9662Fl2ZjPWjo0+3PZw=="
    }
  }
}
