{
  "requires": true,
  "lockfileVersion": 1,
  "dependencies": {
    "types-registry": {
      "version": "0.1.454",
      "resolved": "https://registry.npmjs.org/types-registry/-/types-registry-0.1.454.tgz",
      "integrity": "sha512-aVaVFYV/DJ/73F8r4RPuYXKVq09idQ2rGsMleJ+KiQRqaWCb+p+HlM21J+FKeKEiebRTmUKJyrUrF+zWrB3LRw=="
    }
  }
}
